{
  "name": "fifty-deps-project",
  "version": "1.0.0",
  "lockfileVersion": 3,
  "requires": true,
  "packages": {
    "": {
      "name": "fifty-deps-project",
      "version": "1.0.0",
      "license": "MIT",
      "dependencies": {
        "lodash": "^4.17.21",
        "axios": "^1.4.0",
        "chalk": "^5.3.0"
        
      }
    },
    "node_modules/lib-53": {
      "version": "8.7.4",
      "license": "Apache-2.0",
      "resolved": "https://registry.npmjs.org/lib-53/-/lib-53-8.7.4.tgz",
      "integrity": "sha512-..."
    },
    "node_modules/lib-52": {
      "version": "6.7.6",
      "license": "CC0",
      "resolved": "https://registry.npmjs.org/lib-52/-/lib-52-6.7.6.tgz",
      "integrity": "sha512-..."
    },
     "node_modules/tslib": {
      "version": "2.6.2",
      "license": "BSD-2-Clause",
      "resolved": "https://registry.npmjs.org/tslib/-/tslib-2.6.2.tgz",
      "integrity": "sha512-..."
    },
    }
  }
